dependencies:
  espressif/arduino-foc:
    component_hash: 068526c65cfcc30d04bff085816a066816cdc4b97c81ef1e632c7540da749905
    source:
      service_url: https://api.components.espressif.com/
      type: service
    version: 2.3.0
  espressif/iqmath:
    component_hash: 407d5bc3fd358a73d2b09982918ab508b4e804cc547942c5979d226be86b7e75
    source:
      service_url: https://api.components.espressif.com/
      type: service
    version: 1.11.0
  idf:
    component_hash: null
    source:
      type: idf
    version: 5.2.0
manifest_hash: 57d63a4705fd9d24e8803d6719b81428ed2f069d34e53867992fd95a0235b2b1
target: esp32s3
version: 1.0.0
